{
  "lockfileVersion": 1,
  "workspaces": {
    "": {
      "name": "supoclip-e2e",
      "devDependencies": {
        "@playwright/test": "~1.55.0",
      },
    },
  },
  "packages": {
    "@playwright/test": ["@playwright/test@1.55.1", "", { "dependencies": { "playwright": "1.55.1" }, "bin": { "playwright": "cli.js" } }, "sha512-IVAh/nOJaw6W9g+RJVlIQJ6gSiER+ae6mKQ5CX1bERzQgbC1VSeBlwdvczT7pxb0GWiyrxH4TGKbMfDb4Sq/ig=="],

    "fsevents": ["fsevents@2.3.2", "", { "os": "darwin" }, "sha512-xiqMQR4xAeHTuB9uWm+fFRcIOgKBMiOBP+eXiyT7jsgVCq1bkVygt00oASowB7EdtpOHaaPgKt812P9ab+DDKA=="],

    "playwright": ["playwright@1.55.1", "", { "dependencies": { "playwright-core": "1.55.1" }, "optionalDependencies": { "fsevents": "2.3.2" }, "bin": { "playwright": "cli.js" } }, "sha512-cJW4Xd/G3v5ovXtJJ52MAOclqeac9S/aGGgRzLabuF8TnIb6xHvMzKIa6JmrRzUkeXJgfL1MhukP0NK6l39h3A=="],

    "playwright-core": ["playwright-core@1.55.1", "", { "bin": { "playwright-core": "cli.js" } }, "sha512-Z6Mh9mkwX+zxSlHqdr5AOcJnfp+xUWLCt9uKV18fhzA8eyxUd8NUWzAjxUh55RZKSYwDGX0cfaySdhZJGMoJ+w=="],
  }
}
